{
  "version": 4,
  "terraform_version": "1.2.6",
  "serial": 11,
  "lineage": "f4a0fcb5-6484-6bc2-1163-2384f611528b",
  "outputs": {},
  "resources": [
    {
      "mode": "managed",
      "type": "local_file",
      "name": "demo1",
      "provider": "provider[\"registry.terraform.io/hashicorp/local\"]",
      "instances": [
        {
          "schema_version": 0,
          "attributes": {
            "content": "path ",
            "content_base64": null,
            "directory_permission": "0777",
            "file_permission": "0777",
            "filename": "file1.txt",
            "id": "312553db5d3a661c9c1bfa58c7cb12ceeb13ce86",
            "sensitive_content": null,
            "source": null
          },
          "sensitive_attributes": [],
          "private": "bnVsbA=="
        }
      ]
    },
    {
      "mode": "managed",
      "type": "local_file",
      "name": "nam",
      "provider": "provider[\"registry.terraform.io/hashicorp/local\"]",
      "instances": [
        {
          "schema_version": 0,
          "attributes": {
            "content": "this is content name",
            "content_base64": null,
            "directory_permission": "0777",
            "file_permission": "0777",
            "filename": "11646507266554885073",
            "id": "b50306500a44793eccfc708717697eb515772e1c",
            "sensitive_content": null,
            "source": null
          },
          "sensitive_attributes": [],
          "private": "bnVsbA==",
          "dependencies": [
            "random_id.filen"
          ]
        }
      ]
    },
    {
      "mode": "managed",
      "type": "local_file",
      "name": "name2",
      "provider": "provider[\"registry.terraform.io/hashicorp/local\"]",
      "instances": [
        {
          "schema_version": 0,
          "attributes": {
            "content": "this is the locals",
            "content_base64": null,
            "directory_permission": "0777",
            "file_permission": "0777",
            "filename": "file2.txt",
            "id": "3c7011d3ce490992714060e46ca654d78a1dc594",
            "sensitive_content": null,
            "source": null
          },
          "sensitive_attributes": [],
          "private": "bnVsbA=="
        }
      ]
    },
    {
      "mode": "managed",
      "type": "random_id",
      "name": "filen",
      "provider": "provider[\"registry.terraform.io/hashicorp/random\"]",
      "instances": [
        {
          "schema_version": 0,
          "attributes": {
            "b64_std": "oaC0pzECc9E=",
            "b64_url": "oaC0pzECc9E",
            "byte_length": 8,
            "dec": "11646507266554885073",
            "hex": "a1a0b4a7310273d1",
            "id": "oaC0pzECc9E",
            "keepers": null,
            "prefix": null
          },
          "sensitive_attributes": [],
          "private": "bnVsbA=="
        }
      ]
    }
  ]
}
